
Microsoft Visual Studio Solution File, Format Version 12.00
# Visual Studio 14
VisualStudioVersion = 14.0.25420.1
MinimumVisualStudioVersion = 10.0.40219.1
Project("{8BC9CEB8-8B4A-11D0-8D11-00A0C91BC942}") = "MediaServer", "MediaServer\MediaServer.vcxproj", "{0FD11427-925D-41B3-B3EE-B4046A6A63FB}"
	ProjectSection(ProjectDependencies) = postProject
		{0FA1FA06-3CBB-402A-AE7B-3C1D0F3D4871} = {0FA1FA06-3CBB-402A-AE7B-3C1D0F3D4871}
		{18F5C60A-5BD7-46B7-8DBE-7E8453DA5171} = {18F5C60A-5BD7-46B7-8DBE-7E8453DA5171}
		{223A9729-0FB9-44BC-99A9-5EE2DF4016E1} = {223A9729-0FB9-44BC-99A9-5EE2DF4016E1}
		{D5F78948-C5D2-409E-8394-BB8619A851B2} = {D5F78948-C5D2-409E-8394-BB8619A851B2}
		{E014FA4C-61EA-487F-BAA4-5DB7DB2E2AAD} = {E014FA4C-61EA-487F-BAA4-5DB7DB2E2AAD}
		{C2C980B2-D633-46A1-ABA9-3F5F569D4DB0} = {C2C980B2-D633-46A1-ABA9-3F5F569D4DB0}
		{1F67C3C9-0C01-4525-B968-51F9D962A49A} = {1F67C3C9-0C01-4525-B968-51F9D962A49A}
		{FA543FD1-1A53-4E8F-B248-BCA6186AC2C8} = {FA543FD1-1A53-4E8F-B248-BCA6186AC2C8}
	EndProjectSection
EndProject
Project("{8BC9CEB8-8B4A-11D0-8D11-00A0C91BC942}") = "IOSourceCtrl", "IOSourceCtrl\IOSourceCtrl\IOSourceCtrl.vcxproj", "{FA543FD1-1A53-4E8F-B248-BCA6186AC2C8}"
EndProject
Project("{8BC9CEB8-8B4A-11D0-8D11-00A0C91BC942}") = "MFilePlayer", "MFilePlayer\MFilePlayer\MFilePlayer.vcxproj", "{D5F78948-C5D2-409E-8394-BB8619A851B2}"
EndProject
Project("{8BC9CEB8-8B4A-11D0-8D11-00A0C91BC942}") = "OutXAudio2", "OutXAudio2\OutXAudio2\OutXAudio2.vcxproj", "{1F67C3C9-0C01-4525-B968-51F9D962A49A}"
EndProject
Project("{8BC9CEB8-8B4A-11D0-8D11-00A0C91BC942}") = "MFRecorder", "MFRecorder\MFRecorder\MFRecorder.vcxproj", "{18F5C60A-5BD7-46B7-8DBE-7E8453DA5171}"
EndProject
Project("{8BC9CEB8-8B4A-11D0-8D11-00A0C91BC942}") = "TCClient", "TCClient\TCClient\TCClient.vcxproj", "{C2C980B2-D633-46A1-ABA9-3F5F569D4DB0}"
EndProject
Project("{8BC9CEB8-8B4A-11D0-8D11-00A0C91BC942}") = "TCServer", "TCServer\TCServer\TCServer.vcxproj", "{0FA1FA06-3CBB-402A-AE7B-3C1D0F3D4871}"
EndProject
Project("{8BC9CEB8-8B4A-11D0-8D11-00A0C91BC942}") = "LogFileCtrl", "LogFileCtrl\LogFileCtrl\LogFileCtrl.vcxproj", "{E014FA4C-61EA-487F-BAA4-5DB7DB2E2AAD}"
EndProject
Project("{8BC9CEB8-8B4A-11D0-8D11-00A0C91BC942}") = "RTSPPlayer", "RTSPPlayer\RTSPPlayer\RTSPPlayer.vcxproj", "{223A9729-0FB9-44BC-99A9-5EE2DF4016E1}"
EndProject
Project("{8BC9CEB8-8B4A-11D0-8D11-00A0C91BC942}") = "CamViewer", "CamViewer\CamViewer\CamViewer.vcxproj", "{4C6FE8D9-FEE4-472B-BF70-FADF54BA1A2E}"
EndProject
Project("{8BC9CEB8-8B4A-11D0-8D11-00A0C91BC942}") = "UTip", "UTip\UTip\UTip.vcxproj", "{16DDED0B-E127-4B38-9876-579A50FCA01F}"
EndProject
Project("{8BC9CEB8-8B4A-11D0-8D11-00A0C91BC942}") = "ZLibDll", "ZLibDll\ZLibDll\ZLibDll.vcxproj", "{7377662B-9DC9-4155-986B-B89994747243}"
EndProject
Global
	GlobalSection(SolutionConfigurationPlatforms) = preSolution
		Debug Unicode|Win32 = Debug Unicode|Win32
		Debug Unicode|x64 = Debug Unicode|x64
		Debug Unicode|x86 = Debug Unicode|x86
		Debug_GPU|Win32 = Debug_GPU|Win32
		Debug_GPU|x64 = Debug_GPU|x64
		Debug_GPU|x86 = Debug_GPU|x86
		Debug_VW|Win32 = Debug_VW|Win32
		Debug_VW|x64 = Debug_VW|x64
		Debug_VW|x86 = Debug_VW|x86
		Debug|Win32 = Debug|Win32
		Debug|x64 = Debug|x64
		Debug|x86 = Debug|x86
		Release Unicode|Win32 = Release Unicode|Win32
		Release Unicode|x64 = Release Unicode|x64
		Release Unicode|x86 = Release Unicode|x86
		Release_GPU|Win32 = Release_GPU|Win32
		Release_GPU|x64 = Release_GPU|x64
		Release_GPU|x86 = Release_GPU|x86
		Release_Trail|Win32 = Release_Trail|Win32
		Release_Trail|x64 = Release_Trail|x64
		Release_Trail|x86 = Release_Trail|x86
		Release_VW|Win32 = Release_VW|Win32
		Release_VW|x64 = Release_VW|x64
		Release_VW|x86 = Release_VW|x86
		Release|Win32 = Release|Win32
		Release|x64 = Release|x64
		Release|x86 = Release|x86
		ReleaseSym|Win32 = ReleaseSym|Win32
		ReleaseSym|x64 = ReleaseSym|x64
		ReleaseSym|x86 = ReleaseSym|x86
	EndGlobalSection
	GlobalSection(ProjectConfigurationPlatforms) = postSolution
		{0FD11427-925D-41B3-B3EE-B4046A6A63FB}.Debug Unicode|Win32.ActiveCfg = Debug|Win32
		{0FD11427-925D-41B3-B3EE-B4046A6A63FB}.Debug Unicode|Win32.Build.0 = Debug|Win32
		{0FD11427-925D-41B3-B3EE-B4046A6A63FB}.Debug Unicode|x64.ActiveCfg = Debug|x64
		{0FD11427-925D-41B3-B3EE-B4046A6A63FB}.Debug Unicode|x64.Build.0 = Debug|x64
		{0FD11427-925D-41B3-B3EE-B4046A6A63FB}.Debug Unicode|x86.ActiveCfg = Debug|Win32
		{0FD11427-925D-41B3-B3EE-B4046A6A63FB}.Debug Unicode|x86.Build.0 = Debug|Win32
		{0FD11427-925D-41B3-B3EE-B4046A6A63FB}.Debug_GPU|Win32.ActiveCfg = Debug_GPU|Win32
		{0FD11427-925D-41B3-B3EE-B4046A6A63FB}.Debug_GPU|Win32.Build.0 = Debug_GPU|Win32
		{0FD11427-925D-41B3-B3EE-B4046A6A63FB}.Debug_GPU|x64.ActiveCfg = Debug_GPU|x64
		{0FD11427-925D-41B3-B3EE-B4046A6A63FB}.Debug_GPU|x64.Build.0 = Debug_GPU|x64
		{0FD11427-925D-41B3-B3EE-B4046A6A63FB}.Debug_GPU|x86.ActiveCfg = Debug_GPU|Win32
		{0FD11427-925D-41B3-B3EE-B4046A6A63FB}.Debug_GPU|x86.Build.0 = Debug_GPU|Win32
		{0FD11427-925D-41B3-B3EE-B4046A6A63FB}.Debug_VW|Win32.ActiveCfg = Debug_VW|Win32
		{0FD11427-925D-41B3-B3EE-B4046A6A63FB}.Debug_VW|Win32.Build.0 = Debug_VW|Win32
		{0FD11427-925D-41B3-B3EE-B4046A6A63FB}.Debug_VW|x64.ActiveCfg = Debug_VW|x64
		{0FD11427-925D-41B3-B3EE-B4046A6A63FB}.Debug_VW|x64.Build.0 = Debug_VW|x64
		{0FD11427-925D-41B3-B3EE-B4046A6A63FB}.Debug_VW|x86.ActiveCfg = Debug_VW|Win32
		{0FD11427-925D-41B3-B3EE-B4046A6A63FB}.Debug_VW|x86.Build.0 = Debug_VW|Win32
		{0FD11427-925D-41B3-B3EE-B4046A6A63FB}.Debug|Win32.ActiveCfg = Debug|Win32
		{0FD11427-925D-41B3-B3EE-B4046A6A63FB}.Debug|Win32.Build.0 = Debug|Win32
		{0FD11427-925D-41B3-B3EE-B4046A6A63FB}.Debug|x64.ActiveCfg = Debug|x64
		{0FD11427-925D-41B3-B3EE-B4046A6A63FB}.Debug|x64.Build.0 = Debug|x64
		{0FD11427-925D-41B3-B3EE-B4046A6A63FB}.Debug|x86.ActiveCfg = Debug|Win32
		{0FD11427-925D-41B3-B3EE-B4046A6A63FB}.Debug|x86.Build.0 = Debug|Win32
		{0FD11427-925D-41B3-B3EE-B4046A6A63FB}.Release Unicode|Win32.ActiveCfg = Release|Win32
		{0FD11427-925D-41B3-B3EE-B4046A6A63FB}.Release Unicode|Win32.Build.0 = Release|Win32
		{0FD11427-925D-41B3-B3EE-B4046A6A63FB}.Release Unicode|x64.ActiveCfg = Release|x64
		{0FD11427-925D-41B3-B3EE-B4046A6A63FB}.Release Unicode|x64.Build.0 = Release|x64
		{0FD11427-925D-41B3-B3EE-B4046A6A63FB}.Release Unicode|x86.ActiveCfg = Release|Win32
		{0FD11427-925D-41B3-B3EE-B4046A6A63FB}.Release Unicode|x86.Build.0 = Release|Win32
		{0FD11427-925D-41B3-B3EE-B4046A6A63FB}.Release_GPU|Win32.ActiveCfg = Release_GPU|Win32
		{0FD11427-925D-41B3-B3EE-B4046A6A63FB}.Release_GPU|Win32.Build.0 = Release_GPU|Win32
		{0FD11427-925D-41B3-B3EE-B4046A6A63FB}.Release_GPU|x64.ActiveCfg = Release_GPU|x64
		{0FD11427-925D-41B3-B3EE-B4046A6A63FB}.Release_GPU|x64.Build.0 = Release_GPU|x64
		{0FD11427-925D-41B3-B3EE-B4046A6A63FB}.Release_GPU|x86.ActiveCfg = Release_GPU|Win32
		{0FD11427-925D-41B3-B3EE-B4046A6A63FB}.Release_GPU|x86.Build.0 = Release_GPU|Win32
		{0FD11427-925D-41B3-B3EE-B4046A6A63FB}.Release_Trail|Win32.ActiveCfg = Release_VW|Win32
		{0FD11427-925D-41B3-B3EE-B4046A6A63FB}.Release_Trail|Win32.Build.0 = Release_VW|Win32
		{0FD11427-925D-41B3-B3EE-B4046A6A63FB}.Release_Trail|x64.ActiveCfg = Release_Trail|x64
		{0FD11427-925D-41B3-B3EE-B4046A6A63FB}.Release_Trail|x64.Build.0 = Release_Trail|x64
		{0FD11427-925D-41B3-B3EE-B4046A6A63FB}.Release_Trail|x86.ActiveCfg = Release_VW|Win32
		{0FD11427-925D-41B3-B3EE-B4046A6A63FB}.Release_Trail|x86.Build.0 = Release_VW|Win32
		{0FD11427-925D-41B3-B3EE-B4046A6A63FB}.Release_VW|Win32.ActiveCfg = Release_VW|Win32
		{0FD11427-925D-41B3-B3EE-B4046A6A63FB}.Release_VW|Win32.Build.0 = Release_VW|Win32
		{0FD11427-925D-41B3-B3EE-B4046A6A63FB}.Release_VW|x64.ActiveCfg = Release_VW|x64
		{0FD11427-925D-41B3-B3EE-B4046A6A63FB}.Release_VW|x64.Build.0 = Release_VW|x64
		{0FD11427-925D-41B3-B3EE-B4046A6A63FB}.Release_VW|x86.ActiveCfg = Release_VW|Win32
		{0FD11427-925D-41B3-B3EE-B4046A6A63FB}.Release_VW|x86.Build.0 = Release_VW|Win32
		{0FD11427-925D-41B3-B3EE-B4046A6A63FB}.Release|Win32.ActiveCfg = Release|Win32
		{0FD11427-925D-41B3-B3EE-B4046A6A63FB}.Release|Win32.Build.0 = Release|Win32
		{0FD11427-925D-41B3-B3EE-B4046A6A63FB}.Release|x64.ActiveCfg = Release|x64
		{0FD11427-925D-41B3-B3EE-B4046A6A63FB}.Release|x64.Build.0 = Release|x64
		{0FD11427-925D-41B3-B3EE-B4046A6A63FB}.Release|x86.ActiveCfg = Release|Win32
		{0FD11427-925D-41B3-B3EE-B4046A6A63FB}.Release|x86.Build.0 = Release|Win32
		{0FD11427-925D-41B3-B3EE-B4046A6A63FB}.ReleaseSym|Win32.ActiveCfg = Release|Win32
		{0FD11427-925D-41B3-B3EE-B4046A6A63FB}.ReleaseSym|Win32.Build.0 = Release|Win32
		{0FD11427-925D-41B3-B3EE-B4046A6A63FB}.ReleaseSym|x64.ActiveCfg = Release|x64
		{0FD11427-925D-41B3-B3EE-B4046A6A63FB}.ReleaseSym|x64.Build.0 = Release|x64
		{0FD11427-925D-41B3-B3EE-B4046A6A63FB}.ReleaseSym|x86.ActiveCfg = Release|Win32
		{0FD11427-925D-41B3-B3EE-B4046A6A63FB}.ReleaseSym|x86.Build.0 = Release|Win32
		{FA543FD1-1A53-4E8F-B248-BCA6186AC2C8}.Debug Unicode|Win32.ActiveCfg = Debug|Win32
		{FA543FD1-1A53-4E8F-B248-BCA6186AC2C8}.Debug Unicode|Win32.Build.0 = Debug|Win32
		{FA543FD1-1A53-4E8F-B248-BCA6186AC2C8}.Debug Unicode|x64.ActiveCfg = Debug|x64
		{FA543FD1-1A53-4E8F-B248-BCA6186AC2C8}.Debug Unicode|x64.Build.0 = Debug|x64
		{FA543FD1-1A53-4E8F-B248-BCA6186AC2C8}.Debug Unicode|x86.ActiveCfg = Debug|Win32
		{FA543FD1-1A53-4E8F-B248-BCA6186AC2C8}.Debug Unicode|x86.Build.0 = Debug|Win32
		{FA543FD1-1A53-4E8F-B248-BCA6186AC2C8}.Debug_GPU|Win32.ActiveCfg = Debug|Win32
		{FA543FD1-1A53-4E8F-B248-BCA6186AC2C8}.Debug_GPU|Win32.Build.0 = Debug|Win32
		{FA543FD1-1A53-4E8F-B248-BCA6186AC2C8}.Debug_GPU|x64.ActiveCfg = Debug|x64
		{FA543FD1-1A53-4E8F-B248-BCA6186AC2C8}.Debug_GPU|x86.ActiveCfg = Debug|Win32
		{FA543FD1-1A53-4E8F-B248-BCA6186AC2C8}.Debug_GPU|x86.Build.0 = Debug|Win32
		{FA543FD1-1A53-4E8F-B248-BCA6186AC2C8}.Debug_VW|Win32.ActiveCfg = Debug|Win32
		{FA543FD1-1A53-4E8F-B248-BCA6186AC2C8}.Debug_VW|Win32.Build.0 = Debug|Win32
		{FA543FD1-1A53-4E8F-B248-BCA6186AC2C8}.Debug_VW|x64.ActiveCfg = Debug|x64
		{FA543FD1-1A53-4E8F-B248-BCA6186AC2C8}.Debug_VW|x64.Build.0 = Debug|x64
		{FA543FD1-1A53-4E8F-B248-BCA6186AC2C8}.Debug_VW|x86.ActiveCfg = Debug|Win32
		{FA543FD1-1A53-4E8F-B248-BCA6186AC2C8}.Debug_VW|x86.Build.0 = Debug|Win32
		{FA543FD1-1A53-4E8F-B248-BCA6186AC2C8}.Debug|Win32.ActiveCfg = Debug|Win32
		{FA543FD1-1A53-4E8F-B248-BCA6186AC2C8}.Debug|Win32.Build.0 = Debug|Win32
		{FA543FD1-1A53-4E8F-B248-BCA6186AC2C8}.Debug|x64.ActiveCfg = Debug|x64
		{FA543FD1-1A53-4E8F-B248-BCA6186AC2C8}.Debug|x64.Build.0 = Debug|x64
		{FA543FD1-1A53-4E8F-B248-BCA6186AC2C8}.Debug|x86.ActiveCfg = Debug|Win32
		{FA543FD1-1A53-4E8F-B248-BCA6186AC2C8}.Debug|x86.Build.0 = Debug|Win32
		{FA543FD1-1A53-4E8F-B248-BCA6186AC2C8}.Release Unicode|Win32.ActiveCfg = Release|Win32
		{FA543FD1-1A53-4E8F-B248-BCA6186AC2C8}.Release Unicode|Win32.Build.0 = Release|Win32
		{FA543FD1-1A53-4E8F-B248-BCA6186AC2C8}.Release Unicode|x64.ActiveCfg = Release|x64
		{FA543FD1-1A53-4E8F-B248-BCA6186AC2C8}.Release Unicode|x64.Build.0 = Release|x64
		{FA543FD1-1A53-4E8F-B248-BCA6186AC2C8}.Release Unicode|x86.ActiveCfg = Release|Win32
		{FA543FD1-1A53-4E8F-B248-BCA6186AC2C8}.Release Unicode|x86.Build.0 = Release|Win32
		{FA543FD1-1A53-4E8F-B248-BCA6186AC2C8}.Release_GPU|Win32.ActiveCfg = Release_GPU|Win32
		{FA543FD1-1A53-4E8F-B248-BCA6186AC2C8}.Release_GPU|Win32.Build.0 = Release_GPU|Win32
		{FA543FD1-1A53-4E8F-B248-BCA6186AC2C8}.Release_GPU|x64.ActiveCfg = Release|x64
		{FA543FD1-1A53-4E8F-B248-BCA6186AC2C8}.Release_GPU|x86.ActiveCfg = Release_GPU|Win32
		{FA543FD1-1A53-4E8F-B248-BCA6186AC2C8}.Release_GPU|x86.Build.0 = Release_GPU|Win32
		{FA543FD1-1A53-4E8F-B248-BCA6186AC2C8}.Release_Trail|Win32.ActiveCfg = Release_VW|Win32
		{FA543FD1-1A53-4E8F-B248-BCA6186AC2C8}.Release_Trail|Win32.Build.0 = Release_VW|Win32
		{FA543FD1-1A53-4E8F-B248-BCA6186AC2C8}.Release_Trail|x64.ActiveCfg = Release|x64
		{FA543FD1-1A53-4E8F-B248-BCA6186AC2C8}.Release_Trail|x86.ActiveCfg = Release_VW|Win32
		{FA543FD1-1A53-4E8F-B248-BCA6186AC2C8}.Release_Trail|x86.Build.0 = Release_VW|Win32
		{FA543FD1-1A53-4E8F-B248-BCA6186AC2C8}.Release_VW|Win32.ActiveCfg = Release_VW|Win32
		{FA543FD1-1A53-4E8F-B248-BCA6186AC2C8}.Release_VW|x64.ActiveCfg = Release_VW|x64
		{FA543FD1-1A53-4E8F-B248-BCA6186AC2C8}.Release_VW|x86.ActiveCfg = Release_VW|Win32
		{FA543FD1-1A53-4E8F-B248-BCA6186AC2C8}.Release_VW|x86.Build.0 = Release_VW|Win32
		{FA543FD1-1A53-4E8F-B248-BCA6186AC2C8}.Release|Win32.ActiveCfg = Release|Win32
		{FA543FD1-1A53-4E8F-B248-BCA6186AC2C8}.Release|Win32.Build.0 = Release|Win32
		{FA543FD1-1A53-4E8F-B248-BCA6186AC2C8}.Release|x64.ActiveCfg = Release|x64
		{FA543FD1-1A53-4E8F-B248-BCA6186AC2C8}.Release|x64.Build.0 = Release|x64
		{FA543FD1-1A53-4E8F-B248-BCA6186AC2C8}.Release|x86.ActiveCfg = Release|Win32
		{FA543FD1-1A53-4E8F-B248-BCA6186AC2C8}.Release|x86.Build.0 = Release|Win32
		{FA543FD1-1A53-4E8F-B248-BCA6186AC2C8}.ReleaseSym|Win32.ActiveCfg = Release|Win32
		{FA543FD1-1A53-4E8F-B248-BCA6186AC2C8}.ReleaseSym|Win32.Build.0 = Release|Win32
		{FA543FD1-1A53-4E8F-B248-BCA6186AC2C8}.ReleaseSym|x64.ActiveCfg = Release|x64
		{FA543FD1-1A53-4E8F-B248-BCA6186AC2C8}.ReleaseSym|x64.Build.0 = Release|x64
		{FA543FD1-1A53-4E8F-B248-BCA6186AC2C8}.ReleaseSym|x86.ActiveCfg = Release|Win32
		{FA543FD1-1A53-4E8F-B248-BCA6186AC2C8}.ReleaseSym|x86.Build.0 = Release|Win32
		{D5F78948-C5D2-409E-8394-BB8619A851B2}.Debug Unicode|Win32.ActiveCfg = Debug|Win32
		{D5F78948-C5D2-409E-8394-BB8619A851B2}.Debug Unicode|Win32.Build.0 = Debug|Win32
		{D5F78948-C5D2-409E-8394-BB8619A851B2}.Debug Unicode|x64.ActiveCfg = Debug|x64
		{D5F78948-C5D2-409E-8394-BB8619A851B2}.Debug Unicode|x64.Build.0 = Debug|x64
		{D5F78948-C5D2-409E-8394-BB8619A851B2}.Debug Unicode|x86.ActiveCfg = Debug|Win32
		{D5F78948-C5D2-409E-8394-BB8619A851B2}.Debug Unicode|x86.Build.0 = Debug|Win32
		{D5F78948-C5D2-409E-8394-BB8619A851B2}.Debug_GPU|Win32.ActiveCfg = Debug|Win32
		{D5F78948-C5D2-409E-8394-BB8619A851B2}.Debug_GPU|Win32.Build.0 = Debug|Win32
		{D5F78948-C5D2-409E-8394-BB8619A851B2}.Debug_GPU|x64.ActiveCfg = Debug|x64
		{D5F78948-C5D2-409E-8394-BB8619A851B2}.Debug_GPU|x86.ActiveCfg = Debug|Win32
		{D5F78948-C5D2-409E-8394-BB8619A851B2}.Debug_GPU|x86.Build.0 = Debug|Win32
		{D5F78948-C5D2-409E-8394-BB8619A851B2}.Debug_VW|Win32.ActiveCfg = Debug|Win32
		{D5F78948-C5D2-409E-8394-BB8619A851B2}.Debug_VW|Win32.Build.0 = Debug|Win32
		{D5F78948-C5D2-409E-8394-BB8619A851B2}.Debug_VW|x64.ActiveCfg = Debug|x64
		{D5F78948-C5D2-409E-8394-BB8619A851B2}.Debug_VW|x64.Build.0 = Debug|x64
		{D5F78948-C5D2-409E-8394-BB8619A851B2}.Debug_VW|x86.ActiveCfg = Debug|Win32
		{D5F78948-C5D2-409E-8394-BB8619A851B2}.Debug_VW|x86.Build.0 = Debug|Win32
		{D5F78948-C5D2-409E-8394-BB8619A851B2}.Debug|Win32.ActiveCfg = Debug|Win32
		{D5F78948-C5D2-409E-8394-BB8619A851B2}.Debug|Win32.Build.0 = Debug|Win32
		{D5F78948-C5D2-409E-8394-BB8619A851B2}.Debug|x64.ActiveCfg = Debug|x64
		{D5F78948-C5D2-409E-8394-BB8619A851B2}.Debug|x64.Build.0 = Debug|x64
		{D5F78948-C5D2-409E-8394-BB8619A851B2}.Debug|x86.ActiveCfg = Debug|Win32
		{D5F78948-C5D2-409E-8394-BB8619A851B2}.Debug|x86.Build.0 = Debug|Win32
		{D5F78948-C5D2-409E-8394-BB8619A851B2}.Release Unicode|Win32.ActiveCfg = Release|Win32
		{D5F78948-C5D2-409E-8394-BB8619A851B2}.Release Unicode|Win32.Build.0 = Release|Win32
		{D5F78948-C5D2-409E-8394-BB8619A851B2}.Release Unicode|x64.ActiveCfg = Release|x64
		{D5F78948-C5D2-409E-8394-BB8619A851B2}.Release Unicode|x64.Build.0 = Release|x64
		{D5F78948-C5D2-409E-8394-BB8619A851B2}.Release Unicode|x86.ActiveCfg = Release|Win32
		{D5F78948-C5D2-409E-8394-BB8619A851B2}.Release Unicode|x86.Build.0 = Release|Win32
		{D5F78948-C5D2-409E-8394-BB8619A851B2}.Release_GPU|Win32.ActiveCfg = Release_GPU|Win32
		{D5F78948-C5D2-409E-8394-BB8619A851B2}.Release_GPU|Win32.Build.0 = Release_GPU|Win32
		{D5F78948-C5D2-409E-8394-BB8619A851B2}.Release_GPU|x64.ActiveCfg = Release|x64
		{D5F78948-C5D2-409E-8394-BB8619A851B2}.Release_GPU|x86.ActiveCfg = Release_GPU|Win32
		{D5F78948-C5D2-409E-8394-BB8619A851B2}.Release_GPU|x86.Build.0 = Release_GPU|Win32
		{D5F78948-C5D2-409E-8394-BB8619A851B2}.Release_Trail|Win32.ActiveCfg = Release_VW|Win32
		{D5F78948-C5D2-409E-8394-BB8619A851B2}.Release_Trail|Win32.Build.0 = Release_VW|Win32
		{D5F78948-C5D2-409E-8394-BB8619A851B2}.Release_Trail|x64.ActiveCfg = Release|x64
		{D5F78948-C5D2-409E-8394-BB8619A851B2}.Release_Trail|x86.ActiveCfg = Release_VW|Win32
		{D5F78948-C5D2-409E-8394-BB8619A851B2}.Release_Trail|x86.Build.0 = Release_VW|Win32
		{D5F78948-C5D2-409E-8394-BB8619A851B2}.Release_VW|Win32.ActiveCfg = Release_VW|Win32
		{D5F78948-C5D2-409E-8394-BB8619A851B2}.Release_VW|x64.ActiveCfg = Release_VW|x64
		{D5F78948-C5D2-409E-8394-BB8619A851B2}.Release_VW|x86.ActiveCfg = Release_VW|Win32
		{D5F78948-C5D2-409E-8394-BB8619A851B2}.Release_VW|x86.Build.0 = Release_VW|Win32
		{D5F78948-C5D2-409E-8394-BB8619A851B2}.Release|Win32.ActiveCfg = Release|Win32
		{D5F78948-C5D2-409E-8394-BB8619A851B2}.Release|Win32.Build.0 = Release|Win32
		{D5F78948-C5D2-409E-8394-BB8619A851B2}.Release|x64.ActiveCfg = Release|x64
		{D5F78948-C5D2-409E-8394-BB8619A851B2}.Release|x64.Build.0 = Release|x64
		{D5F78948-C5D2-409E-8394-BB8619A851B2}.Release|x86.ActiveCfg = Release|Win32
		{D5F78948-C5D2-409E-8394-BB8619A851B2}.Release|x86.Build.0 = Release|Win32
		{D5F78948-C5D2-409E-8394-BB8619A851B2}.ReleaseSym|Win32.ActiveCfg = Release|Win32
		{D5F78948-C5D2-409E-8394-BB8619A851B2}.ReleaseSym|Win32.Build.0 = Release|Win32
		{D5F78948-C5D2-409E-8394-BB8619A851B2}.ReleaseSym|x64.ActiveCfg = Release|x64
		{D5F78948-C5D2-409E-8394-BB8619A851B2}.ReleaseSym|x64.Build.0 = Release|x64
		{D5F78948-C5D2-409E-8394-BB8619A851B2}.ReleaseSym|x86.ActiveCfg = Release|Win32
		{D5F78948-C5D2-409E-8394-BB8619A851B2}.ReleaseSym|x86.Build.0 = Release|Win32
		{1F67C3C9-0C01-4525-B968-51F9D962A49A}.Debug Unicode|Win32.ActiveCfg = Debug|Win32
		{1F67C3C9-0C01-4525-B968-51F9D962A49A}.Debug Unicode|Win32.Build.0 = Debug|Win32
		{1F67C3C9-0C01-4525-B968-51F9D962A49A}.Debug Unicode|x64.ActiveCfg = Debug|x64
		{1F67C3C9-0C01-4525-B968-51F9D962A49A}.Debug Unicode|x64.Build.0 = Debug|x64
		{1F67C3C9-0C01-4525-B968-51F9D962A49A}.Debug Unicode|x86.ActiveCfg = Debug|Win32
		{1F67C3C9-0C01-4525-B968-51F9D962A49A}.Debug Unicode|x86.Build.0 = Debug|Win32
		{1F67C3C9-0C01-4525-B968-51F9D962A49A}.Debug_GPU|Win32.ActiveCfg = Debug|Win32
		{1F67C3C9-0C01-4525-B968-51F9D962A49A}.Debug_GPU|Win32.Build.0 = Debug|Win32
		{1F67C3C9-0C01-4525-B968-51F9D962A49A}.Debug_GPU|x64.ActiveCfg = Debug|x64
		{1F67C3C9-0C01-4525-B968-51F9D962A49A}.Debug_GPU|x86.ActiveCfg = Debug|Win32
		{1F67C3C9-0C01-4525-B968-51F9D962A49A}.Debug_GPU|x86.Build.0 = Debug|Win32
		{1F67C3C9-0C01-4525-B968-51F9D962A49A}.Debug_VW|Win32.ActiveCfg = Debug|Win32
		{1F67C3C9-0C01-4525-B968-51F9D962A49A}.Debug_VW|Win32.Build.0 = Debug|Win32
		{1F67C3C9-0C01-4525-B968-51F9D962A49A}.Debug_VW|x64.ActiveCfg = Debug|x64
		{1F67C3C9-0C01-4525-B968-51F9D962A49A}.Debug_VW|x64.Build.0 = Debug|x64
		{1F67C3C9-0C01-4525-B968-51F9D962A49A}.Debug_VW|x86.ActiveCfg = Debug|Win32
		{1F67C3C9-0C01-4525-B968-51F9D962A49A}.Debug_VW|x86.Build.0 = Debug|Win32
		{1F67C3C9-0C01-4525-B968-51F9D962A49A}.Debug|Win32.ActiveCfg = Debug|Win32
		{1F67C3C9-0C01-4525-B968-51F9D962A49A}.Debug|Win32.Build.0 = Debug|Win32
		{1F67C3C9-0C01-4525-B968-51F9D962A49A}.Debug|x64.ActiveCfg = Debug|x64
		{1F67C3C9-0C01-4525-B968-51F9D962A49A}.Debug|x64.Build.0 = Debug|x64
		{1F67C3C9-0C01-4525-B968-51F9D962A49A}.Debug|x86.ActiveCfg = Debug|Win32
		{1F67C3C9-0C01-4525-B968-51F9D962A49A}.Debug|x86.Build.0 = Debug|Win32
		{1F67C3C9-0C01-4525-B968-51F9D962A49A}.Release Unicode|Win32.ActiveCfg = Release|Win32
		{1F67C3C9-0C01-4525-B968-51F9D962A49A}.Release Unicode|Win32.Build.0 = Release|Win32
		{1F67C3C9-0C01-4525-B968-51F9D962A49A}.Release Unicode|x64.ActiveCfg = Release|x64
		{1F67C3C9-0C01-4525-B968-51F9D962A49A}.Release Unicode|x64.Build.0 = Release|x64
		{1F67C3C9-0C01-4525-B968-51F9D962A49A}.Release Unicode|x86.ActiveCfg = Release|Win32
		{1F67C3C9-0C01-4525-B968-51F9D962A49A}.Release Unicode|x86.Build.0 = Release|Win32
		{1F67C3C9-0C01-4525-B968-51F9D962A49A}.Release_GPU|Win32.ActiveCfg = Release_GPU|Win32
		{1F67C3C9-0C01-4525-B968-51F9D962A49A}.Release_GPU|Win32.Build.0 = Release_GPU|Win32
		{1F67C3C9-0C01-4525-B968-51F9D962A49A}.Release_GPU|x64.ActiveCfg = Release|x64
		{1F67C3C9-0C01-4525-B968-51F9D962A49A}.Release_GPU|x86.ActiveCfg = Release_GPU|Win32
		{1F67C3C9-0C01-4525-B968-51F9D962A49A}.Release_GPU|x86.Build.0 = Release_GPU|Win32
		{1F67C3C9-0C01-4525-B968-51F9D962A49A}.Release_Trail|Win32.ActiveCfg = Release_VW|Win32
		{1F67C3C9-0C01-4525-B968-51F9D962A49A}.Release_Trail|Win32.Build.0 = Release_VW|Win32
		{1F67C3C9-0C01-4525-B968-51F9D962A49A}.Release_Trail|x64.ActiveCfg = Release|x64
		{1F67C3C9-0C01-4525-B968-51F9D962A49A}.Release_Trail|x86.ActiveCfg = Release_VW|Win32
		{1F67C3C9-0C01-4525-B968-51F9D962A49A}.Release_Trail|x86.Build.0 = Release_VW|Win32
		{1F67C3C9-0C01-4525-B968-51F9D962A49A}.Release_VW|Win32.ActiveCfg = Release_VW|Win32
		{1F67C3C9-0C01-4525-B968-51F9D962A49A}.Release_VW|x64.ActiveCfg = Release_VW|x64
		{1F67C3C9-0C01-4525-B968-51F9D962A49A}.Release_VW|x86.ActiveCfg = Release_VW|Win32
		{1F67C3C9-0C01-4525-B968-51F9D962A49A}.Release_VW|x86.Build.0 = Release_VW|Win32
		{1F67C3C9-0C01-4525-B968-51F9D962A49A}.Release|Win32.ActiveCfg = Release|Win32
		{1F67C3C9-0C01-4525-B968-51F9D962A49A}.Release|Win32.Build.0 = Release|Win32
		{1F67C3C9-0C01-4525-B968-51F9D962A49A}.Release|x64.ActiveCfg = Release|x64
		{1F67C3C9-0C01-4525-B968-51F9D962A49A}.Release|x64.Build.0 = Release|x64
		{1F67C3C9-0C01-4525-B968-51F9D962A49A}.Release|x86.ActiveCfg = Release|Win32
		{1F67C3C9-0C01-4525-B968-51F9D962A49A}.Release|x86.Build.0 = Release|Win32
		{1F67C3C9-0C01-4525-B968-51F9D962A49A}.ReleaseSym|Win32.ActiveCfg = Release|Win32
		{1F67C3C9-0C01-4525-B968-51F9D962A49A}.ReleaseSym|Win32.Build.0 = Release|Win32
		{1F67C3C9-0C01-4525-B968-51F9D962A49A}.ReleaseSym|x64.ActiveCfg = Release|x64
		{1F67C3C9-0C01-4525-B968-51F9D962A49A}.ReleaseSym|x64.Build.0 = Release|x64
		{1F67C3C9-0C01-4525-B968-51F9D962A49A}.ReleaseSym|x86.ActiveCfg = Release|Win32
		{1F67C3C9-0C01-4525-B968-51F9D962A49A}.ReleaseSym|x86.Build.0 = Release|Win32
		{18F5C60A-5BD7-46B7-8DBE-7E8453DA5171}.Debug Unicode|Win32.ActiveCfg = Debug|Win32
		{18F5C60A-5BD7-46B7-8DBE-7E8453DA5171}.Debug Unicode|Win32.Build.0 = Debug|Win32
		{18F5C60A-5BD7-46B7-8DBE-7E8453DA5171}.Debug Unicode|x64.ActiveCfg = Debug|x64
		{18F5C60A-5BD7-46B7-8DBE-7E8453DA5171}.Debug Unicode|x64.Build.0 = Debug|x64
		{18F5C60A-5BD7-46B7-8DBE-7E8453DA5171}.Debug Unicode|x86.ActiveCfg = Debug|Win32
		{18F5C60A-5BD7-46B7-8DBE-7E8453DA5171}.Debug Unicode|x86.Build.0 = Debug|Win32
		{18F5C60A-5BD7-46B7-8DBE-7E8453DA5171}.Debug_GPU|Win32.ActiveCfg = Debug|Win32
		{18F5C60A-5BD7-46B7-8DBE-7E8453DA5171}.Debug_GPU|Win32.Build.0 = Debug|Win32
		{18F5C60A-5BD7-46B7-8DBE-7E8453DA5171}.Debug_GPU|x64.ActiveCfg = Debug|x64
		{18F5C60A-5BD7-46B7-8DBE-7E8453DA5171}.Debug_GPU|x86.ActiveCfg = Debug|Win32
		{18F5C60A-5BD7-46B7-8DBE-7E8453DA5171}.Debug_GPU|x86.Build.0 = Debug|Win32
		{18F5C60A-5BD7-46B7-8DBE-7E8453DA5171}.Debug_VW|Win32.ActiveCfg = Debug|Win32
		{18F5C60A-5BD7-46B7-8DBE-7E8453DA5171}.Debug_VW|Win32.Build.0 = Debug|Win32
		{18F5C60A-5BD7-46B7-8DBE-7E8453DA5171}.Debug_VW|x64.ActiveCfg = Debug|x64
		{18F5C60A-5BD7-46B7-8DBE-7E8453DA5171}.Debug_VW|x64.Build.0 = Debug|x64
		{18F5C60A-5BD7-46B7-8DBE-7E8453DA5171}.Debug_VW|x86.ActiveCfg = Debug|Win32
		{18F5C60A-5BD7-46B7-8DBE-7E8453DA5171}.Debug_VW|x86.Build.0 = Debug|Win32
		{18F5C60A-5BD7-46B7-8DBE-7E8453DA5171}.Debug|Win32.ActiveCfg = Debug|Win32
		{18F5C60A-5BD7-46B7-8DBE-7E8453DA5171}.Debug|Win32.Build.0 = Debug|Win32
		{18F5C60A-5BD7-46B7-8DBE-7E8453DA5171}.Debug|x64.ActiveCfg = Debug|x64
		{18F5C60A-5BD7-46B7-8DBE-7E8453DA5171}.Debug|x64.Build.0 = Debug|x64
		{18F5C60A-5BD7-46B7-8DBE-7E8453DA5171}.Debug|x86.ActiveCfg = Debug|Win32
		{18F5C60A-5BD7-46B7-8DBE-7E8453DA5171}.Debug|x86.Build.0 = Debug|Win32
		{18F5C60A-5BD7-46B7-8DBE-7E8453DA5171}.Release Unicode|Win32.ActiveCfg = Release|Win32
		{18F5C60A-5BD7-46B7-8DBE-7E8453DA5171}.Release Unicode|Win32.Build.0 = Release|Win32
		{18F5C60A-5BD7-46B7-8DBE-7E8453DA5171}.Release Unicode|x64.ActiveCfg = Release|x64
		{18F5C60A-5BD7-46B7-8DBE-7E8453DA5171}.Release Unicode|x64.Build.0 = Release|x64
		{18F5C60A-5BD7-46B7-8DBE-7E8453DA5171}.Release Unicode|x86.ActiveCfg = Release|Win32
		{18F5C60A-5BD7-46B7-8DBE-7E8453DA5171}.Release Unicode|x86.Build.0 = Release|Win32
		{18F5C60A-5BD7-46B7-8DBE-7E8453DA5171}.Release_GPU|Win32.ActiveCfg = Release_GPU|Win32
		{18F5C60A-5BD7-46B7-8DBE-7E8453DA5171}.Release_GPU|Win32.Build.0 = Release_GPU|Win32
		{18F5C60A-5BD7-46B7-8DBE-7E8453DA5171}.Release_GPU|x64.ActiveCfg = Release|x64
		{18F5C60A-5BD7-46B7-8DBE-7E8453DA5171}.Release_GPU|x86.ActiveCfg = Release_GPU|Win32
		{18F5C60A-5BD7-46B7-8DBE-7E8453DA5171}.Release_GPU|x86.Build.0 = Release_GPU|Win32
		{18F5C60A-5BD7-46B7-8DBE-7E8453DA5171}.Release_Trail|Win32.ActiveCfg = Release_VW|Win32
		{18F5C60A-5BD7-46B7-8DBE-7E8453DA5171}.Release_Trail|Win32.Build.0 = Release_VW|Win32
		{18F5C60A-5BD7-46B7-8DBE-7E8453DA5171}.Release_Trail|x64.ActiveCfg = Release|x64
		{18F5C60A-5BD7-46B7-8DBE-7E8453DA5171}.Release_Trail|x86.ActiveCfg = Release_VW|Win32
		{18F5C60A-5BD7-46B7-8DBE-7E8453DA5171}.Release_Trail|x86.Build.0 = Release_VW|Win32
		{18F5C60A-5BD7-46B7-8DBE-7E8453DA5171}.Release_VW|Win32.ActiveCfg = Release_VW|Win32
		{18F5C60A-5BD7-46B7-8DBE-7E8453DA5171}.Release_VW|x64.ActiveCfg = Release_VW|x64
		{18F5C60A-5BD7-46B7-8DBE-7E8453DA5171}.Release_VW|x86.ActiveCfg = Release_VW|Win32
		{18F5C60A-5BD7-46B7-8DBE-7E8453DA5171}.Release_VW|x86.Build.0 = Release_VW|Win32
		{18F5C60A-5BD7-46B7-8DBE-7E8453DA5171}.Release|Win32.ActiveCfg = Release|Win32
		{18F5C60A-5BD7-46B7-8DBE-7E8453DA5171}.Release|Win32.Build.0 = Release|Win32
		{18F5C60A-5BD7-46B7-8DBE-7E8453DA5171}.Release|x64.ActiveCfg = Release|x64
		{18F5C60A-5BD7-46B7-8DBE-7E8453DA5171}.Release|x64.Build.0 = Release|x64
		{18F5C60A-5BD7-46B7-8DBE-7E8453DA5171}.Release|x86.ActiveCfg = Release|Win32
		{18F5C60A-5BD7-46B7-8DBE-7E8453DA5171}.Release|x86.Build.0 = Release|Win32
		{18F5C60A-5BD7-46B7-8DBE-7E8453DA5171}.ReleaseSym|Win32.ActiveCfg = Release|Win32
		{18F5C60A-5BD7-46B7-8DBE-7E8453DA5171}.ReleaseSym|Win32.Build.0 = Release|Win32
		{18F5C60A-5BD7-46B7-8DBE-7E8453DA5171}.ReleaseSym|x64.ActiveCfg = Release|x64
		{18F5C60A-5BD7-46B7-8DBE-7E8453DA5171}.ReleaseSym|x64.Build.0 = Release|x64
		{18F5C60A-5BD7-46B7-8DBE-7E8453DA5171}.ReleaseSym|x86.ActiveCfg = Release|Win32
		{18F5C60A-5BD7-46B7-8DBE-7E8453DA5171}.ReleaseSym|x86.Build.0 = Release|Win32
		{C2C980B2-D633-46A1-ABA9-3F5F569D4DB0}.Debug Unicode|Win32.ActiveCfg = Debug|Win32
		{C2C980B2-D633-46A1-ABA9-3F5F569D4DB0}.Debug Unicode|Win32.Build.0 = Debug|Win32
		{C2C980B2-D633-46A1-ABA9-3F5F569D4DB0}.Debug Unicode|x64.ActiveCfg = Debug|x64
		{C2C980B2-D633-46A1-ABA9-3F5F569D4DB0}.Debug Unicode|x64.Build.0 = Debug|x64
		{C2C980B2-D633-46A1-ABA9-3F5F569D4DB0}.Debug Unicode|x86.ActiveCfg = Debug|Win32
		{C2C980B2-D633-46A1-ABA9-3F5F569D4DB0}.Debug Unicode|x86.Build.0 = Debug|Win32
		{C2C980B2-D633-46A1-ABA9-3F5F569D4DB0}.Debug_GPU|Win32.ActiveCfg = Debug|Win32
		{C2C980B2-D633-46A1-ABA9-3F5F569D4DB0}.Debug_GPU|Win32.Build.0 = Debug|Win32
		{C2C980B2-D633-46A1-ABA9-3F5F569D4DB0}.Debug_GPU|x64.ActiveCfg = Debug|x64
		{C2C980B2-D633-46A1-ABA9-3F5F569D4DB0}.Debug_GPU|x86.ActiveCfg = Debug|Win32
		{C2C980B2-D633-46A1-ABA9-3F5F569D4DB0}.Debug_GPU|x86.Build.0 = Debug|Win32
		{C2C980B2-D633-46A1-ABA9-3F5F569D4DB0}.Debug_VW|Win32.ActiveCfg = Debug|Win32
		{C2C980B2-D633-46A1-ABA9-3F5F569D4DB0}.Debug_VW|Win32.Build.0 = Debug|Win32
		{C2C980B2-D633-46A1-ABA9-3F5F569D4DB0}.Debug_VW|x64.ActiveCfg = Debug|x64
		{C2C980B2-D633-46A1-ABA9-3F5F569D4DB0}.Debug_VW|x64.Build.0 = Debug|x64
		{C2C980B2-D633-46A1-ABA9-3F5F569D4DB0}.Debug_VW|x86.ActiveCfg = Debug|Win32
		{C2C980B2-D633-46A1-ABA9-3F5F569D4DB0}.Debug_VW|x86.Build.0 = Debug|Win32
		{C2C980B2-D633-46A1-ABA9-3F5F569D4DB0}.Debug|Win32.ActiveCfg = Debug|Win32
		{C2C980B2-D633-46A1-ABA9-3F5F569D4DB0}.Debug|Win32.Build.0 = Debug|Win32
		{C2C980B2-D633-46A1-ABA9-3F5F569D4DB0}.Debug|x64.ActiveCfg = Debug|x64
		{C2C980B2-D633-46A1-ABA9-3F5F569D4DB0}.Debug|x64.Build.0 = Debug|x64
		{C2C980B2-D633-46A1-ABA9-3F5F569D4DB0}.Debug|x86.ActiveCfg = Debug|Win32
		{C2C980B2-D633-46A1-ABA9-3F5F569D4DB0}.Debug|x86.Build.0 = Debug|Win32
		{C2C980B2-D633-46A1-ABA9-3F5F569D4DB0}.Release Unicode|Win32.ActiveCfg = Release|Win32
		{C2C980B2-D633-46A1-ABA9-3F5F569D4DB0}.Release Unicode|Win32.Build.0 = Release|Win32
		{C2C980B2-D633-46A1-ABA9-3F5F569D4DB0}.Release Unicode|x64.ActiveCfg = Release|x64
		{C2C980B2-D633-46A1-ABA9-3F5F569D4DB0}.Release Unicode|x64.Build.0 = Release|x64
		{C2C980B2-D633-46A1-ABA9-3F5F569D4DB0}.Release Unicode|x86.ActiveCfg = Release|Win32
		{C2C980B2-D633-46A1-ABA9-3F5F569D4DB0}.Release Unicode|x86.Build.0 = Release|Win32
		{C2C980B2-D633-46A1-ABA9-3F5F569D4DB0}.Release_GPU|Win32.ActiveCfg = Release_GPU|Win32
		{C2C980B2-D633-46A1-ABA9-3F5F569D4DB0}.Release_GPU|Win32.Build.0 = Release_GPU|Win32
		{C2C980B2-D633-46A1-ABA9-3F5F569D4DB0}.Release_GPU|x64.ActiveCfg = Release|x64
		{C2C980B2-D633-46A1-ABA9-3F5F569D4DB0}.Release_GPU|x86.ActiveCfg = Release_GPU|Win32
		{C2C980B2-D633-46A1-ABA9-3F5F569D4DB0}.Release_GPU|x86.Build.0 = Release_GPU|Win32
		{C2C980B2-D633-46A1-ABA9-3F5F569D4DB0}.Release_Trail|Win32.ActiveCfg = Release_VW|Win32
		{C2C980B2-D633-46A1-ABA9-3F5F569D4DB0}.Release_Trail|Win32.Build.0 = Release_VW|Win32
		{C2C980B2-D633-46A1-ABA9-3F5F569D4DB0}.Release_Trail|x64.ActiveCfg = Release|x64
		{C2C980B2-D633-46A1-ABA9-3F5F569D4DB0}.Release_Trail|x86.ActiveCfg = Release_VW|Win32
		{C2C980B2-D633-46A1-ABA9-3F5F569D4DB0}.Release_Trail|x86.Build.0 = Release_VW|Win32
		{C2C980B2-D633-46A1-ABA9-3F5F569D4DB0}.Release_VW|Win32.ActiveCfg = Release_VW|Win32
		{C2C980B2-D633-46A1-ABA9-3F5F569D4DB0}.Release_VW|x64.ActiveCfg = Release_VW|x64
		{C2C980B2-D633-46A1-ABA9-3F5F569D4DB0}.Release_VW|x86.ActiveCfg = Release_VW|Win32
		{C2C980B2-D633-46A1-ABA9-3F5F569D4DB0}.Release_VW|x86.Build.0 = Release_VW|Win32
		{C2C980B2-D633-46A1-ABA9-3F5F569D4DB0}.Release|Win32.ActiveCfg = Release|Win32
		{C2C980B2-D633-46A1-ABA9-3F5F569D4DB0}.Release|Win32.Build.0 = Release|Win32
		{C2C980B2-D633-46A1-ABA9-3F5F569D4DB0}.Release|x64.ActiveCfg = Release|x64
		{C2C980B2-D633-46A1-ABA9-3F5F569D4DB0}.Release|x64.Build.0 = Release|x64
		{C2C980B2-D633-46A1-ABA9-3F5F569D4DB0}.Release|x86.ActiveCfg = Release|Win32
		{C2C980B2-D633-46A1-ABA9-3F5F569D4DB0}.Release|x86.Build.0 = Release|Win32
		{C2C980B2-D633-46A1-ABA9-3F5F569D4DB0}.ReleaseSym|Win32.ActiveCfg = Release|Win32
		{C2C980B2-D633-46A1-ABA9-3F5F569D4DB0}.ReleaseSym|Win32.Build.0 = Release|Win32
		{C2C980B2-D633-46A1-ABA9-3F5F569D4DB0}.ReleaseSym|x64.ActiveCfg = Release|x64
		{C2C980B2-D633-46A1-ABA9-3F5F569D4DB0}.ReleaseSym|x64.Build.0 = Release|x64
		{C2C980B2-D633-46A1-ABA9-3F5F569D4DB0}.ReleaseSym|x86.ActiveCfg = Release|Win32
		{C2C980B2-D633-46A1-ABA9-3F5F569D4DB0}.ReleaseSym|x86.Build.0 = Release|Win32
		{0FA1FA06-3CBB-402A-AE7B-3C1D0F3D4871}.Debug Unicode|Win32.ActiveCfg = Debug|Win32
		{0FA1FA06-3CBB-402A-AE7B-3C1D0F3D4871}.Debug Unicode|Win32.Build.0 = Debug|Win32
		{0FA1FA06-3CBB-402A-AE7B-3C1D0F3D4871}.Debug Unicode|x64.ActiveCfg = Debug|x64
		{0FA1FA06-3CBB-402A-AE7B-3C1D0F3D4871}.Debug Unicode|x64.Build.0 = Debug|x64
		{0FA1FA06-3CBB-402A-AE7B-3C1D0F3D4871}.Debug Unicode|x86.ActiveCfg = Debug|Win32
		{0FA1FA06-3CBB-402A-AE7B-3C1D0F3D4871}.Debug Unicode|x86.Build.0 = Debug|Win32
		{0FA1FA06-3CBB-402A-AE7B-3C1D0F3D4871}.Debug_GPU|Win32.ActiveCfg = Debug|Win32
		{0FA1FA06-3CBB-402A-AE7B-3C1D0F3D4871}.Debug_GPU|Win32.Build.0 = Debug|Win32
		{0FA1FA06-3CBB-402A-AE7B-3C1D0F3D4871}.Debug_GPU|x64.ActiveCfg = Debug|x64
		{0FA1FA06-3CBB-402A-AE7B-3C1D0F3D4871}.Debug_GPU|x86.ActiveCfg = Debug|Win32
		{0FA1FA06-3CBB-402A-AE7B-3C1D0F3D4871}.Debug_GPU|x86.Build.0 = Debug|Win32
		{0FA1FA06-3CBB-402A-AE7B-3C1D0F3D4871}.Debug_VW|Win32.ActiveCfg = Debug|Win32
		{0FA1FA06-3CBB-402A-AE7B-3C1D0F3D4871}.Debug_VW|Win32.Build.0 = Debug|Win32
		{0FA1FA06-3CBB-402A-AE7B-3C1D0F3D4871}.Debug_VW|x64.ActiveCfg = Debug|x64
		{0FA1FA06-3CBB-402A-AE7B-3C1D0F3D4871}.Debug_VW|x64.Build.0 = Debug|x64
		{0FA1FA06-3CBB-402A-AE7B-3C1D0F3D4871}.Debug_VW|x86.ActiveCfg = Debug|Win32
		{0FA1FA06-3CBB-402A-AE7B-3C1D0F3D4871}.Debug_VW|x86.Build.0 = Debug|Win32
		{0FA1FA06-3CBB-402A-AE7B-3C1D0F3D4871}.Debug|Win32.ActiveCfg = Debug|Win32
		{0FA1FA06-3CBB-402A-AE7B-3C1D0F3D4871}.Debug|Win32.Build.0 = Debug|Win32
		{0FA1FA06-3CBB-402A-AE7B-3C1D0F3D4871}.Debug|x64.ActiveCfg = Debug|x64
		{0FA1FA06-3CBB-402A-AE7B-3C1D0F3D4871}.Debug|x64.Build.0 = Debug|x64
		{0FA1FA06-3CBB-402A-AE7B-3C1D0F3D4871}.Debug|x86.ActiveCfg = Debug|Win32
		{0FA1FA06-3CBB-402A-AE7B-3C1D0F3D4871}.Debug|x86.Build.0 = Debug|Win32
		{0FA1FA06-3CBB-402A-AE7B-3C1D0F3D4871}.Release Unicode|Win32.ActiveCfg = Release|Win32
		{0FA1FA06-3CBB-402A-AE7B-3C1D0F3D4871}.Release Unicode|Win32.Build.0 = Release|Win32
		{0FA1FA06-3CBB-402A-AE7B-3C1D0F3D4871}.Release Unicode|x64.ActiveCfg = Release|x64
		{0FA1FA06-3CBB-402A-AE7B-3C1D0F3D4871}.Release Unicode|x64.Build.0 = Release|x64
		{0FA1FA06-3CBB-402A-AE7B-3C1D0F3D4871}.Release Unicode|x86.ActiveCfg = Release|Win32
		{0FA1FA06-3CBB-402A-AE7B-3C1D0F3D4871}.Release Unicode|x86.Build.0 = Release|Win32
		{0FA1FA06-3CBB-402A-AE7B-3C1D0F3D4871}.Release_GPU|Win32.ActiveCfg = Release_GPU|Win32
		{0FA1FA06-3CBB-402A-AE7B-3C1D0F3D4871}.Release_GPU|Win32.Build.0 = Release_GPU|Win32
		{0FA1FA06-3CBB-402A-AE7B-3C1D0F3D4871}.Release_GPU|x64.ActiveCfg = Release|x64
		{0FA1FA06-3CBB-402A-AE7B-3C1D0F3D4871}.Release_GPU|x86.ActiveCfg = Release_GPU|Win32
		{0FA1FA06-3CBB-402A-AE7B-3C1D0F3D4871}.Release_GPU|x86.Build.0 = Release_GPU|Win32
		{0FA1FA06-3CBB-402A-AE7B-3C1D0F3D4871}.Release_Trail|Win32.ActiveCfg = Release_VW|Win32
		{0FA1FA06-3CBB-402A-AE7B-3C1D0F3D4871}.Release_Trail|Win32.Build.0 = Release_VW|Win32
		{0FA1FA06-3CBB-402A-AE7B-3C1D0F3D4871}.Release_Trail|x64.ActiveCfg = Release|x64
		{0FA1FA06-3CBB-402A-AE7B-3C1D0F3D4871}.Release_Trail|x86.ActiveCfg = Release_VW|Win32
		{0FA1FA06-3CBB-402A-AE7B-3C1D0F3D4871}.Release_Trail|x86.Build.0 = Release_VW|Win32
		{0FA1FA06-3CBB-402A-AE7B-3C1D0F3D4871}.Release_VW|Win32.ActiveCfg = Release_VW|Win32
		{0FA1FA06-3CBB-402A-AE7B-3C1D0F3D4871}.Release_VW|x64.ActiveCfg = Release_VW|x64
		{0FA1FA06-3CBB-402A-AE7B-3C1D0F3D4871}.Release_VW|x86.ActiveCfg = Release_VW|Win32
		{0FA1FA06-3CBB-402A-AE7B-3C1D0F3D4871}.Release_VW|x86.Build.0 = Release_VW|Win32
		{0FA1FA06-3CBB-402A-AE7B-3C1D0F3D4871}.Release|Win32.ActiveCfg = Release|Win32
		{0FA1FA06-3CBB-402A-AE7B-3C1D0F3D4871}.Release|Win32.Build.0 = Release|Win32
		{0FA1FA06-3CBB-402A-AE7B-3C1D0F3D4871}.Release|x64.ActiveCfg = Release|x64
		{0FA1FA06-3CBB-402A-AE7B-3C1D0F3D4871}.Release|x64.Build.0 = Release|x64
		{0FA1FA06-3CBB-402A-AE7B-3C1D0F3D4871}.Release|x86.ActiveCfg = Release|Win32
		{0FA1FA06-3CBB-402A-AE7B-3C1D0F3D4871}.Release|x86.Build.0 = Release|Win32
		{0FA1FA06-3CBB-402A-AE7B-3C1D0F3D4871}.ReleaseSym|Win32.ActiveCfg = Release|Win32
		{0FA1FA06-3CBB-402A-AE7B-3C1D0F3D4871}.ReleaseSym|Win32.Build.0 = Release|Win32
		{0FA1FA06-3CBB-402A-AE7B-3C1D0F3D4871}.ReleaseSym|x64.ActiveCfg = Release|x64
		{0FA1FA06-3CBB-402A-AE7B-3C1D0F3D4871}.ReleaseSym|x64.Build.0 = Release|x64
		{0FA1FA06-3CBB-402A-AE7B-3C1D0F3D4871}.ReleaseSym|x86.ActiveCfg = Release|Win32
		{0FA1FA06-3CBB-402A-AE7B-3C1D0F3D4871}.ReleaseSym|x86.Build.0 = Release|Win32
		{E014FA4C-61EA-487F-BAA4-5DB7DB2E2AAD}.Debug Unicode|Win32.ActiveCfg = Debug|Win32
		{E014FA4C-61EA-487F-BAA4-5DB7DB2E2AAD}.Debug Unicode|Win32.Build.0 = Debug|Win32
		{E014FA4C-61EA-487F-BAA4-5DB7DB2E2AAD}.Debug Unicode|x64.ActiveCfg = Debug|x64
		{E014FA4C-61EA-487F-BAA4-5DB7DB2E2AAD}.Debug Unicode|x64.Build.0 = Debug|x64
		{E014FA4C-61EA-487F-BAA4-5DB7DB2E2AAD}.Debug Unicode|x86.ActiveCfg = Debug|Win32
		{E014FA4C-61EA-487F-BAA4-5DB7DB2E2AAD}.Debug Unicode|x86.Build.0 = Debug|Win32
		{E014FA4C-61EA-487F-BAA4-5DB7DB2E2AAD}.Debug_GPU|Win32.ActiveCfg = Debug|Win32
		{E014FA4C-61EA-487F-BAA4-5DB7DB2E2AAD}.Debug_GPU|Win32.Build.0 = Debug|Win32
		{E014FA4C-61EA-487F-BAA4-5DB7DB2E2AAD}.Debug_GPU|x64.ActiveCfg = Debug|x64
		{E014FA4C-61EA-487F-BAA4-5DB7DB2E2AAD}.Debug_GPU|x86.ActiveCfg = Debug|Win32
		{E014FA4C-61EA-487F-BAA4-5DB7DB2E2AAD}.Debug_GPU|x86.Build.0 = Debug|Win32
		{E014FA4C-61EA-487F-BAA4-5DB7DB2E2AAD}.Debug_VW|Win32.ActiveCfg = Debug|Win32
		{E014FA4C-61EA-487F-BAA4-5DB7DB2E2AAD}.Debug_VW|Win32.Build.0 = Debug|Win32
		{E014FA4C-61EA-487F-BAA4-5DB7DB2E2AAD}.Debug_VW|x64.ActiveCfg = Debug|x64
		{E014FA4C-61EA-487F-BAA4-5DB7DB2E2AAD}.Debug_VW|x64.Build.0 = Debug|x64
		{E014FA4C-61EA-487F-BAA4-5DB7DB2E2AAD}.Debug_VW|x86.ActiveCfg = Debug|Win32
		{E014FA4C-61EA-487F-BAA4-5DB7DB2E2AAD}.Debug_VW|x86.Build.0 = Debug|Win32
		{E014FA4C-61EA-487F-BAA4-5DB7DB2E2AAD}.Debug|Win32.ActiveCfg = Debug|Win32
		{E014FA4C-61EA-487F-BAA4-5DB7DB2E2AAD}.Debug|Win32.Build.0 = Debug|Win32
		{E014FA4C-61EA-487F-BAA4-5DB7DB2E2AAD}.Debug|x64.ActiveCfg = Debug|x64
		{E014FA4C-61EA-487F-BAA4-5DB7DB2E2AAD}.Debug|x64.Build.0 = Debug|x64
		{E014FA4C-61EA-487F-BAA4-5DB7DB2E2AAD}.Debug|x86.ActiveCfg = Debug|Win32
		{E014FA4C-61EA-487F-BAA4-5DB7DB2E2AAD}.Debug|x86.Build.0 = Debug|Win32
		{E014FA4C-61EA-487F-BAA4-5DB7DB2E2AAD}.Release Unicode|Win32.ActiveCfg = Release|Win32
		{E014FA4C-61EA-487F-BAA4-5DB7DB2E2AAD}.Release Unicode|Win32.Build.0 = Release|Win32
		{E014FA4C-61EA-487F-BAA4-5DB7DB2E2AAD}.Release Unicode|x64.ActiveCfg = Release|x64
		{E014FA4C-61EA-487F-BAA4-5DB7DB2E2AAD}.Release Unicode|x64.Build.0 = Release|x64
		{E014FA4C-61EA-487F-BAA4-5DB7DB2E2AAD}.Release Unicode|x86.ActiveCfg = Release|Win32
		{E014FA4C-61EA-487F-BAA4-5DB7DB2E2AAD}.Release Unicode|x86.Build.0 = Release|Win32
		{E014FA4C-61EA-487F-BAA4-5DB7DB2E2AAD}.Release_GPU|Win32.ActiveCfg = Release_GPU|Win32
		{E014FA4C-61EA-487F-BAA4-5DB7DB2E2AAD}.Release_GPU|Win32.Build.0 = Release_GPU|Win32
		{E014FA4C-61EA-487F-BAA4-5DB7DB2E2AAD}.Release_GPU|x64.ActiveCfg = Release|x64
		{E014FA4C-61EA-487F-BAA4-5DB7DB2E2AAD}.Release_GPU|x86.ActiveCfg = Release_GPU|Win32
		{E014FA4C-61EA-487F-BAA4-5DB7DB2E2AAD}.Release_GPU|x86.Build.0 = Release_GPU|Win32
		{E014FA4C-61EA-487F-BAA4-5DB7DB2E2AAD}.Release_Trail|Win32.ActiveCfg = Release_VW|Win32
		{E014FA4C-61EA-487F-BAA4-5DB7DB2E2AAD}.Release_Trail|Win32.Build.0 = Release_VW|Win32
		{E014FA4C-61EA-487F-BAA4-5DB7DB2E2AAD}.Release_Trail|x64.ActiveCfg = Release|x64
		{E014FA4C-61EA-487F-BAA4-5DB7DB2E2AAD}.Release_Trail|x86.ActiveCfg = Release_VW|Win32
		{E014FA4C-61EA-487F-BAA4-5DB7DB2E2AAD}.Release_Trail|x86.Build.0 = Release_VW|Win32
		{E014FA4C-61EA-487F-BAA4-5DB7DB2E2AAD}.Release_VW|Win32.ActiveCfg = Release_VW|Win32
		{E014FA4C-61EA-487F-BAA4-5DB7DB2E2AAD}.Release_VW|x64.ActiveCfg = Release_VW|x64
		{E014FA4C-61EA-487F-BAA4-5DB7DB2E2AAD}.Release_VW|x86.ActiveCfg = Release_VW|Win32
		{E014FA4C-61EA-487F-BAA4-5DB7DB2E2AAD}.Release_VW|x86.Build.0 = Release_VW|Win32
		{E014FA4C-61EA-487F-BAA4-5DB7DB2E2AAD}.Release|Win32.ActiveCfg = Release|Win32
		{E014FA4C-61EA-487F-BAA4-5DB7DB2E2AAD}.Release|Win32.Build.0 = Release|Win32
		{E014FA4C-61EA-487F-BAA4-5DB7DB2E2AAD}.Release|x64.ActiveCfg = Release|x64
		{E014FA4C-61EA-487F-BAA4-5DB7DB2E2AAD}.Release|x64.Build.0 = Release|x64
		{E014FA4C-61EA-487F-BAA4-5DB7DB2E2AAD}.Release|x86.ActiveCfg = Release|Win32
		{E014FA4C-61EA-487F-BAA4-5DB7DB2E2AAD}.Release|x86.Build.0 = Release|Win32
		{E014FA4C-61EA-487F-BAA4-5DB7DB2E2AAD}.ReleaseSym|Win32.ActiveCfg = Release|Win32
		{E014FA4C-61EA-487F-BAA4-5DB7DB2E2AAD}.ReleaseSym|Win32.Build.0 = Release|Win32
		{E014FA4C-61EA-487F-BAA4-5DB7DB2E2AAD}.ReleaseSym|x64.ActiveCfg = Release|x64
		{E014FA4C-61EA-487F-BAA4-5DB7DB2E2AAD}.ReleaseSym|x64.Build.0 = Release|x64
		{E014FA4C-61EA-487F-BAA4-5DB7DB2E2AAD}.ReleaseSym|x86.ActiveCfg = Release|Win32
		{E014FA4C-61EA-487F-BAA4-5DB7DB2E2AAD}.ReleaseSym|x86.Build.0 = Release|Win32
		{223A9729-0FB9-44BC-99A9-5EE2DF4016E1}.Debug Unicode|Win32.ActiveCfg = Debug|Win32
		{223A9729-0FB9-44BC-99A9-5EE2DF4016E1}.Debug Unicode|Win32.Build.0 = Debug|Win32
		{223A9729-0FB9-44BC-99A9-5EE2DF4016E1}.Debug Unicode|x64.ActiveCfg = Debug|x64
		{223A9729-0FB9-44BC-99A9-5EE2DF4016E1}.Debug Unicode|x64.Build.0 = Debug|x64
		{223A9729-0FB9-44BC-99A9-5EE2DF4016E1}.Debug Unicode|x86.ActiveCfg = Debug|Win32
		{223A9729-0FB9-44BC-99A9-5EE2DF4016E1}.Debug Unicode|x86.Build.0 = Debug|Win32
		{223A9729-0FB9-44BC-99A9-5EE2DF4016E1}.Debug_GPU|Win32.ActiveCfg = Debug|Win32
		{223A9729-0FB9-44BC-99A9-5EE2DF4016E1}.Debug_GPU|Win32.Build.0 = Debug|Win32
		{223A9729-0FB9-44BC-99A9-5EE2DF4016E1}.Debug_GPU|x64.ActiveCfg = Debug|x64
		{223A9729-0FB9-44BC-99A9-5EE2DF4016E1}.Debug_GPU|x86.ActiveCfg = Debug|Win32
		{223A9729-0FB9-44BC-99A9-5EE2DF4016E1}.Debug_GPU|x86.Build.0 = Debug|Win32
		{223A9729-0FB9-44BC-99A9-5EE2DF4016E1}.Debug_VW|Win32.ActiveCfg = Debug|Win32
		{223A9729-0FB9-44BC-99A9-5EE2DF4016E1}.Debug_VW|Win32.Build.0 = Debug|Win32
		{223A9729-0FB9-44BC-99A9-5EE2DF4016E1}.Debug_VW|x64.ActiveCfg = Debug|x64
		{223A9729-0FB9-44BC-99A9-5EE2DF4016E1}.Debug_VW|x64.Build.0 = Debug|x64
		{223A9729-0FB9-44BC-99A9-5EE2DF4016E1}.Debug_VW|x86.ActiveCfg = Debug|Win32
		{223A9729-0FB9-44BC-99A9-5EE2DF4016E1}.Debug_VW|x86.Build.0 = Debug|Win32
		{223A9729-0FB9-44BC-99A9-5EE2DF4016E1}.Debug|Win32.ActiveCfg = Debug|Win32
		{223A9729-0FB9-44BC-99A9-5EE2DF4016E1}.Debug|Win32.Build.0 = Debug|Win32
		{223A9729-0FB9-44BC-99A9-5EE2DF4016E1}.Debug|x64.ActiveCfg = Debug|x64
		{223A9729-0FB9-44BC-99A9-5EE2DF4016E1}.Debug|x64.Build.0 = Debug|x64
		{223A9729-0FB9-44BC-99A9-5EE2DF4016E1}.Debug|x86.ActiveCfg = Debug|Win32
		{223A9729-0FB9-44BC-99A9-5EE2DF4016E1}.Debug|x86.Build.0 = Debug|Win32
		{223A9729-0FB9-44BC-99A9-5EE2DF4016E1}.Release Unicode|Win32.ActiveCfg = Release|Win32
		{223A9729-0FB9-44BC-99A9-5EE2DF4016E1}.Release Unicode|Win32.Build.0 = Release|Win32
		{223A9729-0FB9-44BC-99A9-5EE2DF4016E1}.Release Unicode|x64.ActiveCfg = Release|x64
		{223A9729-0FB9-44BC-99A9-5EE2DF4016E1}.Release Unicode|x64.Build.0 = Release|x64
		{223A9729-0FB9-44BC-99A9-5EE2DF4016E1}.Release Unicode|x86.ActiveCfg = Release|Win32
		{223A9729-0FB9-44BC-99A9-5EE2DF4016E1}.Release Unicode|x86.Build.0 = Release|Win32
		{223A9729-0FB9-44BC-99A9-5EE2DF4016E1}.Release_GPU|Win32.ActiveCfg = Release_GPU|Win32
		{223A9729-0FB9-44BC-99A9-5EE2DF4016E1}.Release_GPU|Win32.Build.0 = Release_GPU|Win32
		{223A9729-0FB9-44BC-99A9-5EE2DF4016E1}.Release_GPU|x64.ActiveCfg = Release|x64
		{223A9729-0FB9-44BC-99A9-5EE2DF4016E1}.Release_GPU|x86.ActiveCfg = Release_GPU|Win32
		{223A9729-0FB9-44BC-99A9-5EE2DF4016E1}.Release_GPU|x86.Build.0 = Release_GPU|Win32
		{223A9729-0FB9-44BC-99A9-5EE2DF4016E1}.Release_Trail|Win32.ActiveCfg = Release_VW|Win32
		{223A9729-0FB9-44BC-99A9-5EE2DF4016E1}.Release_Trail|Win32.Build.0 = Release_VW|Win32
		{223A9729-0FB9-44BC-99A9-5EE2DF4016E1}.Release_Trail|x64.ActiveCfg = Release|x64
		{223A9729-0FB9-44BC-99A9-5EE2DF4016E1}.Release_Trail|x86.ActiveCfg = Release_VW|Win32
		{223A9729-0FB9-44BC-99A9-5EE2DF4016E1}.Release_Trail|x86.Build.0 = Release_VW|Win32
		{223A9729-0FB9-44BC-99A9-5EE2DF4016E1}.Release_VW|Win32.ActiveCfg = Release_VW|Win32
		{223A9729-0FB9-44BC-99A9-5EE2DF4016E1}.Release_VW|x64.ActiveCfg = Release_VW|x64
		{223A9729-0FB9-44BC-99A9-5EE2DF4016E1}.Release_VW|x86.ActiveCfg = Release_VW|Win32
		{223A9729-0FB9-44BC-99A9-5EE2DF4016E1}.Release_VW|x86.Build.0 = Release_VW|Win32
		{223A9729-0FB9-44BC-99A9-5EE2DF4016E1}.Release|Win32.ActiveCfg = Release|Win32
		{223A9729-0FB9-44BC-99A9-5EE2DF4016E1}.Release|Win32.Build.0 = Release|Win32
		{223A9729-0FB9-44BC-99A9-5EE2DF4016E1}.Release|x64.ActiveCfg = Release|x64
		{223A9729-0FB9-44BC-99A9-5EE2DF4016E1}.Release|x64.Build.0 = Release|x64
		{223A9729-0FB9-44BC-99A9-5EE2DF4016E1}.Release|x86.ActiveCfg = Release|Win32
		{223A9729-0FB9-44BC-99A9-5EE2DF4016E1}.Release|x86.Build.0 = Release|Win32
		{223A9729-0FB9-44BC-99A9-5EE2DF4016E1}.ReleaseSym|Win32.ActiveCfg = Release|Win32
		{223A9729-0FB9-44BC-99A9-5EE2DF4016E1}.ReleaseSym|Win32.Build.0 = Release|Win32
		{223A9729-0FB9-44BC-99A9-5EE2DF4016E1}.ReleaseSym|x64.ActiveCfg = Release|x64
		{223A9729-0FB9-44BC-99A9-5EE2DF4016E1}.ReleaseSym|x64.Build.0 = Release|x64
		{223A9729-0FB9-44BC-99A9-5EE2DF4016E1}.ReleaseSym|x86.ActiveCfg = Release|Win32
		{223A9729-0FB9-44BC-99A9-5EE2DF4016E1}.ReleaseSym|x86.Build.0 = Release|Win32
		{4C6FE8D9-FEE4-472B-BF70-FADF54BA1A2E}.Debug Unicode|Win32.ActiveCfg = Debug|Win32
		{4C6FE8D9-FEE4-472B-BF70-FADF54BA1A2E}.Debug Unicode|Win32.Build.0 = Debug|Win32
		{4C6FE8D9-FEE4-472B-BF70-FADF54BA1A2E}.Debug Unicode|x64.ActiveCfg = Debug|x64
		{4C6FE8D9-FEE4-472B-BF70-FADF54BA1A2E}.Debug Unicode|x64.Build.0 = Debug|x64
		{4C6FE8D9-FEE4-472B-BF70-FADF54BA1A2E}.Debug Unicode|x86.ActiveCfg = Debug|Win32
		{4C6FE8D9-FEE4-472B-BF70-FADF54BA1A2E}.Debug Unicode|x86.Build.0 = Debug|Win32
		{4C6FE8D9-FEE4-472B-BF70-FADF54BA1A2E}.Debug_GPU|Win32.ActiveCfg = Debug|Win32
		{4C6FE8D9-FEE4-472B-BF70-FADF54BA1A2E}.Debug_GPU|Win32.Build.0 = Debug|Win32
		{4C6FE8D9-FEE4-472B-BF70-FADF54BA1A2E}.Debug_GPU|x64.ActiveCfg = Debug|x64
		{4C6FE8D9-FEE4-472B-BF70-FADF54BA1A2E}.Debug_GPU|x86.ActiveCfg = Debug|Win32
		{4C6FE8D9-FEE4-472B-BF70-FADF54BA1A2E}.Debug_GPU|x86.Build.0 = Debug|Win32
		{4C6FE8D9-FEE4-472B-BF70-FADF54BA1A2E}.Debug_VW|Win32.ActiveCfg = Debug|Win32
		{4C6FE8D9-FEE4-472B-BF70-FADF54BA1A2E}.Debug_VW|Win32.Build.0 = Debug|Win32
		{4C6FE8D9-FEE4-472B-BF70-FADF54BA1A2E}.Debug_VW|x64.ActiveCfg = Debug|x64
		{4C6FE8D9-FEE4-472B-BF70-FADF54BA1A2E}.Debug_VW|x64.Build.0 = Debug|x64
		{4C6FE8D9-FEE4-472B-BF70-FADF54BA1A2E}.Debug_VW|x86.ActiveCfg = Debug|Win32
		{4C6FE8D9-FEE4-472B-BF70-FADF54BA1A2E}.Debug_VW|x86.Build.0 = Debug|Win32
		{4C6FE8D9-FEE4-472B-BF70-FADF54BA1A2E}.Debug|Win32.ActiveCfg = Debug|Win32
		{4C6FE8D9-FEE4-472B-BF70-FADF54BA1A2E}.Debug|Win32.Build.0 = Debug|Win32
		{4C6FE8D9-FEE4-472B-BF70-FADF54BA1A2E}.Debug|x64.ActiveCfg = Debug|x64
		{4C6FE8D9-FEE4-472B-BF70-FADF54BA1A2E}.Debug|x64.Build.0 = Debug|x64
		{4C6FE8D9-FEE4-472B-BF70-FADF54BA1A2E}.Debug|x86.ActiveCfg = Debug|Win32
		{4C6FE8D9-FEE4-472B-BF70-FADF54BA1A2E}.Debug|x86.Build.0 = Debug|Win32
		{4C6FE8D9-FEE4-472B-BF70-FADF54BA1A2E}.Release Unicode|Win32.ActiveCfg = Release|Win32
		{4C6FE8D9-FEE4-472B-BF70-FADF54BA1A2E}.Release Unicode|Win32.Build.0 = Release|Win32
		{4C6FE8D9-FEE4-472B-BF70-FADF54BA1A2E}.Release Unicode|x64.ActiveCfg = Release|x64
		{4C6FE8D9-FEE4-472B-BF70-FADF54BA1A2E}.Release Unicode|x64.Build.0 = Release|x64
		{4C6FE8D9-FEE4-472B-BF70-FADF54BA1A2E}.Release Unicode|x86.ActiveCfg = Release|Win32
		{4C6FE8D9-FEE4-472B-BF70-FADF54BA1A2E}.Release Unicode|x86.Build.0 = Release|Win32
		{4C6FE8D9-FEE4-472B-BF70-FADF54BA1A2E}.Release_GPU|Win32.ActiveCfg = Release_GPU|Win32
		{4C6FE8D9-FEE4-472B-BF70-FADF54BA1A2E}.Release_GPU|Win32.Build.0 = Release_GPU|Win32
		{4C6FE8D9-FEE4-472B-BF70-FADF54BA1A2E}.Release_GPU|x64.ActiveCfg = Release|x64
		{4C6FE8D9-FEE4-472B-BF70-FADF54BA1A2E}.Release_GPU|x86.ActiveCfg = Release_GPU|Win32
		{4C6FE8D9-FEE4-472B-BF70-FADF54BA1A2E}.Release_GPU|x86.Build.0 = Release_GPU|Win32
		{4C6FE8D9-FEE4-472B-BF70-FADF54BA1A2E}.Release_Trail|Win32.ActiveCfg = Release_VW|Win32
		{4C6FE8D9-FEE4-472B-BF70-FADF54BA1A2E}.Release_Trail|Win32.Build.0 = Release_VW|Win32
		{4C6FE8D9-FEE4-472B-BF70-FADF54BA1A2E}.Release_Trail|x64.ActiveCfg = Release|x64
		{4C6FE8D9-FEE4-472B-BF70-FADF54BA1A2E}.Release_Trail|x86.ActiveCfg = Release_VW|Win32
		{4C6FE8D9-FEE4-472B-BF70-FADF54BA1A2E}.Release_Trail|x86.Build.0 = Release_VW|Win32
		{4C6FE8D9-FEE4-472B-BF70-FADF54BA1A2E}.Release_VW|Win32.ActiveCfg = Release_VW|Win32
		{4C6FE8D9-FEE4-472B-BF70-FADF54BA1A2E}.Release_VW|x64.ActiveCfg = Release_VW|x64
		{4C6FE8D9-FEE4-472B-BF70-FADF54BA1A2E}.Release_VW|x86.ActiveCfg = Release_VW|Win32
		{4C6FE8D9-FEE4-472B-BF70-FADF54BA1A2E}.Release_VW|x86.Build.0 = Release_VW|Win32
		{4C6FE8D9-FEE4-472B-BF70-FADF54BA1A2E}.Release|Win32.ActiveCfg = Release|Win32
		{4C6FE8D9-FEE4-472B-BF70-FADF54BA1A2E}.Release|Win32.Build.0 = Release|Win32
		{4C6FE8D9-FEE4-472B-BF70-FADF54BA1A2E}.Release|x64.ActiveCfg = Release|x64
		{4C6FE8D9-FEE4-472B-BF70-FADF54BA1A2E}.Release|x64.Build.0 = Release|x64
		{4C6FE8D9-FEE4-472B-BF70-FADF54BA1A2E}.Release|x86.ActiveCfg = Release|Win32
		{4C6FE8D9-FEE4-472B-BF70-FADF54BA1A2E}.Release|x86.Build.0 = Release|Win32
		{4C6FE8D9-FEE4-472B-BF70-FADF54BA1A2E}.ReleaseSym|Win32.ActiveCfg = Release|Win32
		{4C6FE8D9-FEE4-472B-BF70-FADF54BA1A2E}.ReleaseSym|Win32.Build.0 = Release|Win32
		{4C6FE8D9-FEE4-472B-BF70-FADF54BA1A2E}.ReleaseSym|x64.ActiveCfg = Release|x64
		{4C6FE8D9-FEE4-472B-BF70-FADF54BA1A2E}.ReleaseSym|x64.Build.0 = Release|x64
		{4C6FE8D9-FEE4-472B-BF70-FADF54BA1A2E}.ReleaseSym|x86.ActiveCfg = Release|Win32
		{4C6FE8D9-FEE4-472B-BF70-FADF54BA1A2E}.ReleaseSym|x86.Build.0 = Release|Win32
		{16DDED0B-E127-4B38-9876-579A50FCA01F}.Debug Unicode|Win32.ActiveCfg = Debug|Win32
		{16DDED0B-E127-4B38-9876-579A50FCA01F}.Debug Unicode|Win32.Build.0 = Debug|Win32
		{16DDED0B-E127-4B38-9876-579A50FCA01F}.Debug Unicode|x64.ActiveCfg = Debug|x64
		{16DDED0B-E127-4B38-9876-579A50FCA01F}.Debug Unicode|x64.Build.0 = Debug|x64
		{16DDED0B-E127-4B38-9876-579A50FCA01F}.Debug Unicode|x86.ActiveCfg = Debug|Win32
		{16DDED0B-E127-4B38-9876-579A50FCA01F}.Debug Unicode|x86.Build.0 = Debug|Win32
		{16DDED0B-E127-4B38-9876-579A50FCA01F}.Debug_GPU|Win32.ActiveCfg = Debug|Win32
		{16DDED0B-E127-4B38-9876-579A50FCA01F}.Debug_GPU|Win32.Build.0 = Debug|Win32
		{16DDED0B-E127-4B38-9876-579A50FCA01F}.Debug_GPU|x64.ActiveCfg = Debug|x64
		{16DDED0B-E127-4B38-9876-579A50FCA01F}.Debug_GPU|x86.ActiveCfg = Debug|Win32
		{16DDED0B-E127-4B38-9876-579A50FCA01F}.Debug_GPU|x86.Build.0 = Debug|Win32
		{16DDED0B-E127-4B38-9876-579A50FCA01F}.Debug_VW|Win32.ActiveCfg = Debug|Win32
		{16DDED0B-E127-4B38-9876-579A50FCA01F}.Debug_VW|Win32.Build.0 = Debug|Win32
		{16DDED0B-E127-4B38-9876-579A50FCA01F}.Debug_VW|x64.ActiveCfg = Debug|x64
		{16DDED0B-E127-4B38-9876-579A50FCA01F}.Debug_VW|x64.Build.0 = Debug|x64
		{16DDED0B-E127-4B38-9876-579A50FCA01F}.Debug_VW|x86.ActiveCfg = Debug|Win32
		{16DDED0B-E127-4B38-9876-579A50FCA01F}.Debug_VW|x86.Build.0 = Debug|Win32
		{16DDED0B-E127-4B38-9876-579A50FCA01F}.Debug|Win32.ActiveCfg = Debug|Win32
		{16DDED0B-E127-4B38-9876-579A50FCA01F}.Debug|Win32.Build.0 = Debug|Win32
		{16DDED0B-E127-4B38-9876-579A50FCA01F}.Debug|x64.ActiveCfg = Debug|x64
		{16DDED0B-E127-4B38-9876-579A50FCA01F}.Debug|x64.Build.0 = Debug|x64
		{16DDED0B-E127-4B38-9876-579A50FCA01F}.Debug|x86.ActiveCfg = Debug|Win32
		{16DDED0B-E127-4B38-9876-579A50FCA01F}.Debug|x86.Build.0 = Debug|Win32
		{16DDED0B-E127-4B38-9876-579A50FCA01F}.Release Unicode|Win32.ActiveCfg = Release|Win32
		{16DDED0B-E127-4B38-9876-579A50FCA01F}.Release Unicode|Win32.Build.0 = Release|Win32
		{16DDED0B-E127-4B38-9876-579A50FCA01F}.Release Unicode|x64.ActiveCfg = Release|x64
		{16DDED0B-E127-4B38-9876-579A50FCA01F}.Release Unicode|x64.Build.0 = Release|x64
		{16DDED0B-E127-4B38-9876-579A50FCA01F}.Release Unicode|x86.ActiveCfg = Release|Win32
		{16DDED0B-E127-4B38-9876-579A50FCA01F}.Release Unicode|x86.Build.0 = Release|Win32
		{16DDED0B-E127-4B38-9876-579A50FCA01F}.Release_GPU|Win32.ActiveCfg = Release|Win32
		{16DDED0B-E127-4B38-9876-579A50FCA01F}.Release_GPU|Win32.Build.0 = Release|Win32
		{16DDED0B-E127-4B38-9876-579A50FCA01F}.Release_GPU|x64.ActiveCfg = Release|x64
		{16DDED0B-E127-4B38-9876-579A50FCA01F}.Release_GPU|x86.ActiveCfg = Release|Win32
		{16DDED0B-E127-4B38-9876-579A50FCA01F}.Release_GPU|x86.Build.0 = Release|Win32
		{16DDED0B-E127-4B38-9876-579A50FCA01F}.Release_Trail|Win32.ActiveCfg = Release_VW|Win32
		{16DDED0B-E127-4B38-9876-579A50FCA01F}.Release_Trail|Win32.Build.0 = Release_VW|Win32
		{16DDED0B-E127-4B38-9876-579A50FCA01F}.Release_Trail|x64.ActiveCfg = Release|x64
		{16DDED0B-E127-4B38-9876-579A50FCA01F}.Release_Trail|x86.ActiveCfg = Release_VW|Win32
		{16DDED0B-E127-4B38-9876-579A50FCA01F}.Release_Trail|x86.Build.0 = Release_VW|Win32
		{16DDED0B-E127-4B38-9876-579A50FCA01F}.Release_VW|Win32.ActiveCfg = Release_VW|Win32
		{16DDED0B-E127-4B38-9876-579A50FCA01F}.Release_VW|x64.ActiveCfg = Release_VW|x64
		{16DDED0B-E127-4B38-9876-579A50FCA01F}.Release_VW|x86.ActiveCfg = Release_VW|Win32
		{16DDED0B-E127-4B38-9876-579A50FCA01F}.Release_VW|x86.Build.0 = Release_VW|Win32
		{16DDED0B-E127-4B38-9876-579A50FCA01F}.Release|Win32.ActiveCfg = Release|Win32
		{16DDED0B-E127-4B38-9876-579A50FCA01F}.Release|Win32.Build.0 = Release|Win32
		{16DDED0B-E127-4B38-9876-579A50FCA01F}.Release|x64.ActiveCfg = Release|x64
		{16DDED0B-E127-4B38-9876-579A50FCA01F}.Release|x64.Build.0 = Release|x64
		{16DDED0B-E127-4B38-9876-579A50FCA01F}.Release|x86.ActiveCfg = Release|Win32
		{16DDED0B-E127-4B38-9876-579A50FCA01F}.Release|x86.Build.0 = Release|Win32
		{16DDED0B-E127-4B38-9876-579A50FCA01F}.ReleaseSym|Win32.ActiveCfg = Release|Win32
		{16DDED0B-E127-4B38-9876-579A50FCA01F}.ReleaseSym|Win32.Build.0 = Release|Win32
		{16DDED0B-E127-4B38-9876-579A50FCA01F}.ReleaseSym|x64.ActiveCfg = Release|x64
		{16DDED0B-E127-4B38-9876-579A50FCA01F}.ReleaseSym|x64.Build.0 = Release|x64
		{16DDED0B-E127-4B38-9876-579A50FCA01F}.ReleaseSym|x86.ActiveCfg = Release|Win32
		{16DDED0B-E127-4B38-9876-579A50FCA01F}.ReleaseSym|x86.Build.0 = Release|Win32
		{7377662B-9DC9-4155-986B-B89994747243}.Debug Unicode|Win32.ActiveCfg = Debug|Win32
		{7377662B-9DC9-4155-986B-B89994747243}.Debug Unicode|Win32.Build.0 = Debug|Win32
		{7377662B-9DC9-4155-986B-B89994747243}.Debug Unicode|x64.ActiveCfg = Debug|x64
		{7377662B-9DC9-4155-986B-B89994747243}.Debug Unicode|x64.Build.0 = Debug|x64
		{7377662B-9DC9-4155-986B-B89994747243}.Debug Unicode|x86.ActiveCfg = Debug|Win32
		{7377662B-9DC9-4155-986B-B89994747243}.Debug Unicode|x86.Build.0 = Debug|Win32
		{7377662B-9DC9-4155-986B-B89994747243}.Debug_GPU|Win32.ActiveCfg = Debug|Win32
		{7377662B-9DC9-4155-986B-B89994747243}.Debug_GPU|Win32.Build.0 = Debug|Win32
		{7377662B-9DC9-4155-986B-B89994747243}.Debug_GPU|x64.ActiveCfg = Debug|x64
		{7377662B-9DC9-4155-986B-B89994747243}.Debug_GPU|x64.Build.0 = Debug|x64
		{7377662B-9DC9-4155-986B-B89994747243}.Debug_GPU|x86.ActiveCfg = Debug|Win32
		{7377662B-9DC9-4155-986B-B89994747243}.Debug_GPU|x86.Build.0 = Debug|Win32
		{7377662B-9DC9-4155-986B-B89994747243}.Debug_VW|Win32.ActiveCfg = Debug|Win32
		{7377662B-9DC9-4155-986B-B89994747243}.Debug_VW|Win32.Build.0 = Debug|Win32
		{7377662B-9DC9-4155-986B-B89994747243}.Debug_VW|x64.ActiveCfg = Debug|x64
		{7377662B-9DC9-4155-986B-B89994747243}.Debug_VW|x64.Build.0 = Debug|x64
		{7377662B-9DC9-4155-986B-B89994747243}.Debug_VW|x86.ActiveCfg = Debug|Win32
		{7377662B-9DC9-4155-986B-B89994747243}.Debug_VW|x86.Build.0 = Debug|Win32
		{7377662B-9DC9-4155-986B-B89994747243}.Debug|Win32.ActiveCfg = Debug|Win32
		{7377662B-9DC9-4155-986B-B89994747243}.Debug|Win32.Build.0 = Debug|Win32
		{7377662B-9DC9-4155-986B-B89994747243}.Debug|x64.ActiveCfg = Debug|x64
		{7377662B-9DC9-4155-986B-B89994747243}.Debug|x64.Build.0 = Debug|x64
		{7377662B-9DC9-4155-986B-B89994747243}.Debug|x86.ActiveCfg = Debug|Win32
		{7377662B-9DC9-4155-986B-B89994747243}.Debug|x86.Build.0 = Debug|Win32
		{7377662B-9DC9-4155-986B-B89994747243}.Release Unicode|Win32.ActiveCfg = Release|Win32
		{7377662B-9DC9-4155-986B-B89994747243}.Release Unicode|Win32.Build.0 = Release|Win32
		{7377662B-9DC9-4155-986B-B89994747243}.Release Unicode|x64.ActiveCfg = Release|x64
		{7377662B-9DC9-4155-986B-B89994747243}.Release Unicode|x64.Build.0 = Release|x64
		{7377662B-9DC9-4155-986B-B89994747243}.Release Unicode|x86.ActiveCfg = Release|Win32
		{7377662B-9DC9-4155-986B-B89994747243}.Release Unicode|x86.Build.0 = Release|Win32
		{7377662B-9DC9-4155-986B-B89994747243}.Release_GPU|Win32.ActiveCfg = Release|Win32
		{7377662B-9DC9-4155-986B-B89994747243}.Release_GPU|Win32.Build.0 = Release|Win32
		{7377662B-9DC9-4155-986B-B89994747243}.Release_GPU|x64.ActiveCfg = Release|x64
		{7377662B-9DC9-4155-986B-B89994747243}.Release_GPU|x86.ActiveCfg = Release|Win32
		{7377662B-9DC9-4155-986B-B89994747243}.Release_GPU|x86.Build.0 = Release|Win32
		{7377662B-9DC9-4155-986B-B89994747243}.Release_Trail|Win32.ActiveCfg = Release_VW|Win32
		{7377662B-9DC9-4155-986B-B89994747243}.Release_Trail|Win32.Build.0 = Release_VW|Win32
		{7377662B-9DC9-4155-986B-B89994747243}.Release_Trail|x64.ActiveCfg = Release|x64
		{7377662B-9DC9-4155-986B-B89994747243}.Release_Trail|x86.ActiveCfg = Release_VW|Win32
		{7377662B-9DC9-4155-986B-B89994747243}.Release_Trail|x86.Build.0 = Release_VW|Win32
		{7377662B-9DC9-4155-986B-B89994747243}.Release_VW|Win32.ActiveCfg = Release_VW|Win32
		{7377662B-9DC9-4155-986B-B89994747243}.Release_VW|x64.ActiveCfg = Release_VW|x64
		{7377662B-9DC9-4155-986B-B89994747243}.Release_VW|x86.ActiveCfg = Release_VW|Win32
		{7377662B-9DC9-4155-986B-B89994747243}.Release_VW|x86.Build.0 = Release_VW|Win32
		{7377662B-9DC9-4155-986B-B89994747243}.Release|Win32.ActiveCfg = Release|Win32
		{7377662B-9DC9-4155-986B-B89994747243}.Release|Win32.Build.0 = Release|Win32
		{7377662B-9DC9-4155-986B-B89994747243}.Release|x64.ActiveCfg = Release|x64
		{7377662B-9DC9-4155-986B-B89994747243}.Release|x64.Build.0 = Release|x64
		{7377662B-9DC9-4155-986B-B89994747243}.Release|x86.ActiveCfg = Release|Win32
		{7377662B-9DC9-4155-986B-B89994747243}.Release|x86.Build.0 = Release|Win32
		{7377662B-9DC9-4155-986B-B89994747243}.ReleaseSym|Win32.ActiveCfg = Release|Win32
		{7377662B-9DC9-4155-986B-B89994747243}.ReleaseSym|Win32.Build.0 = Release|Win32
		{7377662B-9DC9-4155-986B-B89994747243}.ReleaseSym|x64.ActiveCfg = Release|x64
		{7377662B-9DC9-4155-986B-B89994747243}.ReleaseSym|x64.Build.0 = Release|x64
		{7377662B-9DC9-4155-986B-B89994747243}.ReleaseSym|x86.ActiveCfg = Release|Win32
		{7377662B-9DC9-4155-986B-B89994747243}.ReleaseSym|x86.Build.0 = Release|Win32
	EndGlobalSection
	GlobalSection(SolutionProperties) = preSolution
		HideSolutionNode = FALSE
	EndGlobalSection
EndGlobal
